
Microsoft Visual Studio Solution File, Format Version 12.00
# Visual Studio Version 17
VisualStudioVersion = 17.9.34728.123
MinimumVisualStudioVersion = 10.0.40219.1
Project("{FAE04EC0-301F-11D3-BF4B-00C04F79EFBC}") = "05.29.24(PP)", "05.29.24(PP)\05.29.24(PP).csproj", "{A468E1BC-B08C-46D7-9A32-316524647A12}"
EndProject
Global
	GlobalSection(SolutionConfigurationPlatforms) = preSolution
		Debug|Any CPU = Debug|Any CPU
		Release|Any CPU = Release|Any CPU
	EndGlobalSection
	GlobalSection(ProjectConfigurationPlatforms) = postSolution
		{A468E1BC-B08C-46D7-9A32-316524647A12}.Debug|Any CPU.ActiveCfg = Debug|Any CPU
		{A468E1BC-B08C-46D7-9A32-316524647A12}.Debug|Any CPU.Build.0 = Debug|Any CPU
		{A468E1BC-B08C-46D7-9A32-316524647A12}.Release|Any CPU.ActiveCfg = Release|Any CPU
		{A468E1BC-B08C-46D7-9A32-316524647A12}.Release|Any CPU.Build.0 = Release|Any CPU
	EndGlobalSection
	GlobalSection(SolutionProperties) = preSolution
		HideSolutionNode = FALSE
	EndGlobalSection
	GlobalSection(ExtensibilityGlobals) = postSolution
		SolutionGuid = {83B80B58-7092-48DC-AAF4-55E192CDED10}
	EndGlobalSection
EndGlobal
