
Microsoft Visual Studio Solution File, Format Version 12.00
# Visual Studio Version 17
VisualStudioVersion = 17.9.34728.123
MinimumVisualStudioVersion = 10.0.40219.1
Project("{FAE04EC0-301F-11D3-BF4B-00C04F79EFBC}") = "13.05.24 (4)", "13.05.24 (4)\13.05.24 (4).csproj", "{DCDF1C30-D463-4471-B355-F9EC29FF5FE9}"
EndProject
Global
	GlobalSection(SolutionConfigurationPlatforms) = preSolution
		Debug|Any CPU = Debug|Any CPU
		Release|Any CPU = Release|Any CPU
	EndGlobalSection
	GlobalSection(ProjectConfigurationPlatforms) = postSolution
		{DCDF1C30-D463-4471-B355-F9EC29FF5FE9}.Debug|Any CPU.ActiveCfg = Debug|Any CPU
		{DCDF1C30-D463-4471-B355-F9EC29FF5FE9}.Debug|Any CPU.Build.0 = Debug|Any CPU
		{DCDF1C30-D463-4471-B355-F9EC29FF5FE9}.Release|Any CPU.ActiveCfg = Release|Any CPU
		{DCDF1C30-D463-4471-B355-F9EC29FF5FE9}.Release|Any CPU.Build.0 = Release|Any CPU
	EndGlobalSection
	GlobalSection(SolutionProperties) = preSolution
		HideSolutionNode = FALSE
	EndGlobalSection
	GlobalSection(ExtensibilityGlobals) = postSolution
		SolutionGuid = {5765760A-63E3-4838-8377-8B6C12284DA9}
	EndGlobalSection
EndGlobal
