
Microsoft Visual Studio Solution File, Format Version 12.00
# Visual Studio Version 17
VisualStudioVersion = 17.9.34728.123
MinimumVisualStudioVersion = 10.0.40219.1
Project("{FAE04EC0-301F-11D3-BF4B-00C04F79EFBC}") = "29.05.24", "29.05.24\29.05.24.csproj", "{4DF8D535-FA3E-4518-A602-C0FA1341563A}"
EndProject
Global
	GlobalSection(SolutionConfigurationPlatforms) = preSolution
		Debug|Any CPU = Debug|Any CPU
		Release|Any CPU = Release|Any CPU
	EndGlobalSection
	GlobalSection(ProjectConfigurationPlatforms) = postSolution
		{4DF8D535-FA3E-4518-A602-C0FA1341563A}.Debug|Any CPU.ActiveCfg = Debug|Any CPU
		{4DF8D535-FA3E-4518-A602-C0FA1341563A}.Debug|Any CPU.Build.0 = Debug|Any CPU
		{4DF8D535-FA3E-4518-A602-C0FA1341563A}.Release|Any CPU.ActiveCfg = Release|Any CPU
		{4DF8D535-FA3E-4518-A602-C0FA1341563A}.Release|Any CPU.Build.0 = Release|Any CPU
	EndGlobalSection
	GlobalSection(SolutionProperties) = preSolution
		HideSolutionNode = FALSE
	EndGlobalSection
	GlobalSection(ExtensibilityGlobals) = postSolution
		SolutionGuid = {C61B502A-3CD7-4B74-BCF6-C318D5A4889A}
	EndGlobalSection
EndGlobal
