
Microsoft Visual Studio Solution File, Format Version 12.00
# Visual Studio Version 17
VisualStudioVersion = 17.9.34728.123
MinimumVisualStudioVersion = 10.0.40219.1
Project("{FAE04EC0-301F-11D3-BF4B-00C04F79EFBC}") = "27.05.24", "27.05.24\27.05.24.csproj", "{246C7228-FE8F-4404-972D-2BA0ED547B7F}"
EndProject
Global
	GlobalSection(SolutionConfigurationPlatforms) = preSolution
		Debug|Any CPU = Debug|Any CPU
		Release|Any CPU = Release|Any CPU
	EndGlobalSection
	GlobalSection(ProjectConfigurationPlatforms) = postSolution
		{246C7228-FE8F-4404-972D-2BA0ED547B7F}.Debug|Any CPU.ActiveCfg = Debug|Any CPU
		{246C7228-FE8F-4404-972D-2BA0ED547B7F}.Debug|Any CPU.Build.0 = Debug|Any CPU
		{246C7228-FE8F-4404-972D-2BA0ED547B7F}.Release|Any CPU.ActiveCfg = Release|Any CPU
		{246C7228-FE8F-4404-972D-2BA0ED547B7F}.Release|Any CPU.Build.0 = Release|Any CPU
	EndGlobalSection
	GlobalSection(SolutionProperties) = preSolution
		HideSolutionNode = FALSE
	EndGlobalSection
	GlobalSection(ExtensibilityGlobals) = postSolution
		SolutionGuid = {6AC1691B-B3B4-4CF1-BE57-25D499FAECBC}
	EndGlobalSection
EndGlobal
