
Microsoft Visual Studio Solution File, Format Version 12.00
# Visual Studio Version 17
VisualStudioVersion = 17.9.34728.123
MinimumVisualStudioVersion = 10.0.40219.1
Project("{FAE04EC0-301F-11D3-BF4B-00C04F79EFBC}") = "05.13.24 (2)", "05.13.24 (2)\05.13.24 (2).csproj", "{23CF8E5C-5855-4890-8CBE-65155DBF59C3}"
EndProject
Global
	GlobalSection(SolutionConfigurationPlatforms) = preSolution
		Debug|Any CPU = Debug|Any CPU
		Release|Any CPU = Release|Any CPU
	EndGlobalSection
	GlobalSection(ProjectConfigurationPlatforms) = postSolution
		{23CF8E5C-5855-4890-8CBE-65155DBF59C3}.Debug|Any CPU.ActiveCfg = Debug|Any CPU
		{23CF8E5C-5855-4890-8CBE-65155DBF59C3}.Debug|Any CPU.Build.0 = Debug|Any CPU
		{23CF8E5C-5855-4890-8CBE-65155DBF59C3}.Release|Any CPU.ActiveCfg = Release|Any CPU
		{23CF8E5C-5855-4890-8CBE-65155DBF59C3}.Release|Any CPU.Build.0 = Release|Any CPU
	EndGlobalSection
	GlobalSection(SolutionProperties) = preSolution
		HideSolutionNode = FALSE
	EndGlobalSection
	GlobalSection(ExtensibilityGlobals) = postSolution
		SolutionGuid = {B701912B-E8B4-401E-B630-E5D3F82D36A9}
	EndGlobalSection
EndGlobal
