
Microsoft Visual Studio Solution File, Format Version 12.00
# Visual Studio Version 17
VisualStudioVersion = 17.9.34728.123
MinimumVisualStudioVersion = 10.0.40219.1
Project("{FAE04EC0-301F-11D3-BF4B-00C04F79EFBC}") = "22.05.24", "22.05.24\22.05.24.csproj", "{15525060-DCE3-4E80-9DDF-7E913A049919}"
EndProject
Global
	GlobalSection(SolutionConfigurationPlatforms) = preSolution
		Debug|Any CPU = Debug|Any CPU
		Release|Any CPU = Release|Any CPU
	EndGlobalSection
	GlobalSection(ProjectConfigurationPlatforms) = postSolution
		{15525060-DCE3-4E80-9DDF-7E913A049919}.Debug|Any CPU.ActiveCfg = Debug|Any CPU
		{15525060-DCE3-4E80-9DDF-7E913A049919}.Debug|Any CPU.Build.0 = Debug|Any CPU
		{15525060-DCE3-4E80-9DDF-7E913A049919}.Release|Any CPU.ActiveCfg = Release|Any CPU
		{15525060-DCE3-4E80-9DDF-7E913A049919}.Release|Any CPU.Build.0 = Release|Any CPU
	EndGlobalSection
	GlobalSection(SolutionProperties) = preSolution
		HideSolutionNode = FALSE
	EndGlobalSection
	GlobalSection(ExtensibilityGlobals) = postSolution
		SolutionGuid = {FB07C69A-50F5-40E6-96FE-1EB4EF5C5D83}
	EndGlobalSection
EndGlobal
