
Microsoft Visual Studio Solution File, Format Version 12.00
# Visual Studio Version 17
VisualStudioVersion = 17.9.34728.123
MinimumVisualStudioVersion = 10.0.40219.1
Project("{FAE04EC0-301F-11D3-BF4B-00C04F79EFBC}") = "11.05.24 moodle igjen", "11.05.24 moodle igjen\11.05.24 moodle igjen.csproj", "{B5C241B4-CF0B-4983-B684-2C9E7F2DA5EC}"
EndProject
Global
	GlobalSection(SolutionConfigurationPlatforms) = preSolution
		Debug|Any CPU = Debug|Any CPU
		Release|Any CPU = Release|Any CPU
	EndGlobalSection
	GlobalSection(ProjectConfigurationPlatforms) = postSolution
		{B5C241B4-CF0B-4983-B684-2C9E7F2DA5EC}.Debug|Any CPU.ActiveCfg = Debug|Any CPU
		{B5C241B4-CF0B-4983-B684-2C9E7F2DA5EC}.Debug|Any CPU.Build.0 = Debug|Any CPU
		{B5C241B4-CF0B-4983-B684-2C9E7F2DA5EC}.Release|Any CPU.ActiveCfg = Release|Any CPU
		{B5C241B4-CF0B-4983-B684-2C9E7F2DA5EC}.Release|Any CPU.Build.0 = Release|Any CPU
	EndGlobalSection
	GlobalSection(SolutionProperties) = preSolution
		HideSolutionNode = FALSE
	EndGlobalSection
	GlobalSection(ExtensibilityGlobals) = postSolution
		SolutionGuid = {BB20BBAD-592A-492F-8FDD-8B519F5F39DA}
	EndGlobalSection
EndGlobal
